// !$*UTF8*$!
{
	archiveVersion = 1;
	classes = {
	};
	objectVersion = 50;
	objects = {

/* Begin PBXBuildFile section */
		7916F41920A3F1A400BE1122 /* BusInfo.swift in Sources */ = {isa = PBXBuildFile; fileRef = 7916F41820A3F1A400BE1122 /* BusInfo.swift */; };
		7916F41D20A3F3F200BE1122 /* BusInfoCell.xib in Resources */ = {isa = PBXBuildFile; fileRef = 7916F41C20A3F3F200BE1122 /* BusInfoCell.xib */; };
		7916F41F20A3F5EC00BE1122 /* BusInfoCell.swift in Sources */ = {isa = PBXBuildFile; fileRef = 7916F41E20A3F5EC00BE1122 /* BusInfoCell.swift */; };
		7916F42120A3FBA100BE1122 /* Consants.swift in Sources */ = {isa = PBXBuildFile; fileRef = 7916F42020A3FBA100BE1122 /* Consants.swift */; };
		7916F42320A40B6400BE1122 /* SearchViewController.swift in Sources */ = {isa = PBXBuildFile; fileRef = 7916F42220A40B6400BE1122 /* SearchViewController.swift */; };
		795FAA9E20A3E4BE00815BFC /* AppDelegate.swift in Sources */ = {isa = PBXBuildFile; fileRef = 795FAA9D20A3E4BE00815BFC /* AppDelegate.swift */; };
		795FAAA020A3E4BE00815BFC /* ViewController.swift in Sources */ = {isa = PBXBuildFile; fileRef = 795FAA9F20A3E4BE00815BFC /* ViewController.swift */; };
		795FAAA320A3E4BE00815BFC /* Main.storyboard in Resources */ = {isa = PBXBuildFile; fileRef = 795FAAA120A3E4BE00815BFC /* Main.storyboard */; };
		795FAAA520A3E4BF00815BFC /* Assets.xcassets in Resources */ = {isa = PBXBuildFile; fileRef = 795FAAA420A3E4BF00815BFC /* Assets.xcassets */; };
		795FAAA820A3E4BF00815BFC /* LaunchScreen.storyboard in Resources */ = {isa = PBXBuildFile; fileRef = 795FAAA620A3E4BF00815BFC /* LaunchScreen.storyboard */; };
		79C8ED8920A4D6A3002EFB5A /* SearchInfoCell.swift in Sources */ = {isa = PBXBuildFile; fileRef = 79C8ED8720A4D6A3002EFB5A /* SearchInfoCell.swift */; };
		79C8ED8A20A4D6A3002EFB5A /* SearchInfoCell.xib in Resources */ = {isa = PBXBuildFile; fileRef = 79C8ED8820A4D6A3002EFB5A /* SearchInfoCell.xib */; };
		93E89FEE97B4DC02D8C00665 /* Pods_Task13.framework in Frameworks */ = {isa = PBXBuildFile; fileRef = 229BE24F6D6F5D399ABDB0E2 /* Pods_Task13.framework */; };
/* End PBXBuildFile section */

/* Begin PBXFileReference section */
		229BE24F6D6F5D399ABDB0E2 /* Pods_Task13.framework */ = {isa = PBXFileReference; explicitFileType = wrapper.framework; includeInIndex = 0; path = Pods_Task13.framework; sourceTree = BUILT_PRODUCTS_DIR; };
		5FCC414A91D0654802559B5E /* Pods-Task13.release.xcconfig */ = {isa = PBXFileReference; includeInIndex = 1; lastKnownFileType = text.xcconfig; name = "Pods-Task13.release.xcconfig"; path = "Pods/Target Support Files/Pods-Task13/Pods-Task13.release.xcconfig"; sourceTree = "<group>"; };
		7916F41820A3F1A400BE1122 /* BusInfo.swift */ = {isa = PBXFileReference; lastKnownFileType = sourcecode.swift; path = BusInfo.swift; sourceTree = "<group>"; };
		7916F41C20A3F3F200BE1122 /* BusInfoCell.xib */ = {isa = PBXFileReference; lastKnownFileType = file.xib; path = BusInfoCell.xib; sourceTree = "<group>"; };
		7916F41E20A3F5EC00BE1122 /* BusInfoCell.swift */ = {isa = PBXFileReference; lastKnownFileType = sourcecode.swift; path = BusInfoCell.swift; sourceTree = "<group>"; };
		7916F42020A3FBA100BE1122 /* Consants.swift */ = {isa = PBXFileReference; lastKnownFileType = sourcecode.swift; path = Consants.swift; sourceTree = "<group>"; };
		7916F42220A40B6400BE1122 /* SearchViewController.swift */ = {isa = PBXFileReference; lastKnownFileType = sourcecode.swift; path = SearchViewController.swift; sourceTree = "<group>"; };
		795FAA9A20A3E4BE00815BFC /* Task13.app */ = {isa = PBXFileReference; explicitFileType = wrapper.application; includeInIndex = 0; path = Task13.app; sourceTree = BUILT_PRODUCTS_DIR; };
		795FAA9D20A3E4BE00815BFC /* AppDelegate.swift */ = {isa = PBXFileReference; lastKnownFileType = sourcecode.swift; path = AppDelegate.swift; sourceTree = "<group>"; };
		795FAA9F20A3E4BE00815BFC /* ViewController.swift */ = {isa = PBXFileReference; lastKnownFileType = sourcecode.swift; path = ViewController.swift; sourceTree = "<group>"; };
		795FAAA220A3E4BE00815BFC /* Base */ = {isa = PBXFileReference; lastKnownFileType = file.storyboard; name = Base; path = Base.lproj/Main.storyboard; sourceTree = "<group>"; };
		795FAAA420A3E4BF00815BFC /* Assets.xcassets */ = {isa = PBXFileReference; lastKnownFileType = folder.assetcatalog; path = Assets.xcassets; sourceTree = "<group>"; };
		795FAAA720A3E4BF00815BFC /* Base */ = {isa = PBXFileReference; lastKnownFileType = file.storyboard; name = Base; path = Base.lproj/LaunchScreen.storyboard; sourceTree = "<group>"; };
		795FAAA920A3E4BF00815BFC /* Info.plist */ = {isa = PBXFileReference; lastKnownFileType = text.plist.xml; path = Info.plist; sourceTree = "<group>"; };
		79C8ED8720A4D6A3002EFB5A /* SearchInfoCell.swift */ = {isa = PBXFileReference; lastKnownFileType = sourcecode.swift; path = SearchInfoCell.swift; sourceTree = "<group>"; };
		79C8ED8820A4D6A3002EFB5A /* SearchInfoCell.xib */ = {isa = PBXFileReference; lastKnownFileType = file.xib; path = SearchInfoCell.xib; sourceTree = "<group>"; };
		E0165B361A972C612CA487DD /* Pods-Task13.debug.xcconfig */ = {isa = PBXFileReference; includeInIndex = 1; lastKnownFileType = text.xcconfig; name = "Pods-Task13.debug.xcconfig"; path = "Pods/Target Support Files/Pods-Task13/Pods-Task13.debug.xcconfig"; sourceTree = "<group>"; };
/* End PBXFileReference section */

/* Begin PBXFrameworksBuildPhase section */
		795FAA9720A3E4BE00815BFC /* Frameworks */ = {
			isa = PBXFrameworksBuildPhase;
			buildActionMask = 2147483647;
			files = (
				93E89FEE97B4DC02D8C00665 /* Pods_Task13.framework in Frameworks */,
			);
			runOnlyForDeploymentPostprocessing = 0;
		};
/* End PBXFrameworksBuildPhase section */

/* Begin PBXGroup section */
		03D3147537098DA684D02E6C /* Frameworks */ = {
			isa = PBXGroup;
			children = (
				229BE24F6D6F5D399ABDB0E2 /* Pods_Task13.framework */,
			);
			name = Frameworks;
			sourceTree = "<group>";
		};
		795FAA9120A3E4BE00815BFC = {
			isa = PBXGroup;
			children = (
				795FAA9C20A3E4BE00815BFC /* Task13 */,
				795FAA9B20A3E4BE00815BFC /* Products */,
				93E825528571C48C8E7E27FF /* Pods */,
				03D3147537098DA684D02E6C /* Frameworks */,
			);
			sourceTree = "<group>";
		};
		795FAA9B20A3E4BE00815BFC /* Products */ = {
			isa = PBXGroup;
			children = (
				795FAA9A20A3E4BE00815BFC /* Task13.app */,
			);
			name = Products;
			sourceTree = "<group>";
		};
		795FAA9C20A3E4BE00815BFC /* Task13 */ = {
			isa = PBXGroup;
			children = (
				795FAA9D20A3E4BE00815BFC /* AppDelegate.swift */,
				795FAA9F20A3E4BE00815BFC /* ViewController.swift */,
				795FAAA120A3E4BE00815BFC /* Main.storyboard */,
				795FAAA420A3E4BF00815BFC /* Assets.xcassets */,
				795FAAA620A3E4BF00815BFC /* LaunchScreen.storyboard */,
				795FAAA920A3E4BF00815BFC /* Info.plist */,
				7916F41820A3F1A400BE1122 /* BusInfo.swift */,
				7916F41C20A3F3F200BE1122 /* BusInfoCell.xib */,
				7916F41E20A3F5EC00BE1122 /* BusInfoCell.swift */,
				7916F42020A3FBA100BE1122 /* Consants.swift */,
				7916F42220A40B6400BE1122 /* SearchViewController.swift */,
				79C8ED8720A4D6A3002EFB5A /* SearchInfoCell.swift */,
				79C8ED8820A4D6A3002EFB5A /* SearchInfoCell.xib */,
			);
			path = Task13;
			sourceTree = "<group>";
		};
		93E825528571C48C8E7E27FF /* Pods */ = {
			isa = PBXGroup;
			children = (
				E0165B361A972C612CA487DD /* Pods-Task13.debug.xcconfig */,
				5FCC414A91D0654802559B5E /* Pods-Task13.release.xcconfig */,
			);
			name = Pods;
			sourceTree = "<group>";
		};
/* End PBXGroup section */

/* Begin PBXNativeTarget section */
		795FAA9920A3E4BE00815BFC /* Task13 */ = {
			isa = PBXNativeTarget;
			buildConfigurationList = 795FAAAC20A3E4BF00815BFC /* Build configuration list for PBXNativeTarget "Task13" */;
			buildPhases = (
				332D187B3A0EAE04A2FDE9AB /* [CP] Check Pods Manifest.lock */,
				795FAA9620A3E4BE00815BFC /* Sources */,
				795FAA9720A3E4BE00815BFC /* Frameworks */,
				795FAA9820A3E4BE00815BFC /* Resources */,
				60EEA2D6CB6E9D748D984B14 /* [CP] Embed Pods Frameworks */,
			);
			buildRules = (
			);
			dependencies = (
			);
			name = Task13;
			productName = Task13;
			productReference = 795FAA9A20A3E4BE00815BFC /* Task13.app */;
			productType = "com.apple.product-type.application";
		};
/* End PBXNativeTarget section */

/* Begin PBXProject section */
		795FAA9220A3E4BE00815BFC /* Project object */ = {
			isa = PBXProject;
			attributes = {
				LastSwiftUpdateCheck = 0930;
				LastUpgradeCheck = 0930;
				ORGANIZATIONNAME = "buqian zheng";
				TargetAttributes = {
					795FAA9920A3E4BE00815BFC = {
						CreatedOnToolsVersion = 9.3;
					};
				};
			};
			buildConfigurationList = 795FAA9520A3E4BE00815BFC /* Build configuration list for PBXProject "Task13" */;
			compatibilityVersion = "Xcode 9.3";
			developmentRegion = en;
			hasScannedForEncodings = 0;
			knownRegions = (
				en,
				Base,
			);
			mainGroup = 795FAA9120A3E4BE00815BFC;
			productRefGroup = 795FAA9B20A3E4BE00815BFC /* Products */;
			projectDirPath = "";
			projectRoot = "";
			targets = (
				795FAA9920A3E4BE00815BFC /* Task13 */,
			);
		};
/* End PBXProject section */

/* Begin PBXResourcesBuildPhase section */
		795FAA9820A3E4BE00815BFC /* Resources */ = {
			isa = PBXResourcesBuildPhase;
			buildActionMask = 2147483647;
			files = (
				795FAAA820A3E4BF00815BFC /* LaunchScreen.storyboard in Resources */,
				79C8ED8A20A4D6A3002EFB5A /* SearchInfoCell.xib in Resources */,
				795FAAA520A3E4BF00815BFC /* Assets.xcassets in Resources */,
				7916F41D20A3F3F200BE1122 /* BusInfoCell.xib in Resources */,
				795FAAA320A3E4BE00815BFC /* Main.storyboard in Resources */,
			);
			runOnlyForDeploymentPostprocessing = 0;
		};
/* End PBXResourcesBuildPhase section */

/* Begin PBXShellScriptBuildPhase section */
		332D187B3A0EAE04A2FDE9AB /* [CP] Check Pods Manifest.lock */ = {
			isa = PBXShellScriptBuildPhase;
			buildActionMask = 2147483647;
			files = (
			);
			inputPaths = (
				"${PODS_PODFILE_DIR_PATH}/Podfile.lock",
				"${PODS_ROOT}/Manifest.lock",
			);
			name = "[CP] Check Pods Manifest.lock";
			outputPaths = (
				"$(DERIVED_FILE_DIR)/Pods-Task13-checkManifestLockResult.txt",
			);
			runOnlyForDeploymentPostprocessing = 0;
			shellPath = /bin/sh;
			shellScript = "diff \"${PODS_PODFILE_DIR_PATH}/Podfile.lock\" \"${PODS_ROOT}/Manifest.lock\" > /dev/null\nif [ $? != 0 ] ; then\n    # print error to STDERR\n    echo \"error: The sandbox is not in sync with the Podfile.lock. Run 'pod install' or update your CocoaPods installation.\" >&2\n    exit 1\nfi\n# This output is used by Xcode 'outputs' to avoid re-running this script phase.\necho \"SUCCESS\" > \"${SCRIPT_OUTPUT_FILE_0}\"\n";
			showEnvVarsInLog = 0;
		};
		60EEA2D6CB6E9D748D984B14 /* [CP] Embed Pods Frameworks */ = {
			isa = PBXShellScriptBuildPhase;
			buildActionMask = 2147483647;
			files = (
			);
			inputPaths = (
				"${SRCROOT}/Pods/Target Support Files/Pods-Task13/Pods-Task13-frameworks.sh",
				"${BUILT_PRODUCTS_DIR}/SkyFloatingLabelTextField/SkyFloatingLabelTextField.framework",
			);
			name = "[CP] Embed Pods Frameworks";
			outputPaths = (
				"${TARGET_BUILD_DIR}/${FRAMEWORKS_FOLDER_PATH}/SkyFloatingLabelTextField.framework",
			);
			runOnlyForDeploymentPostprocessing = 0;
			shellPath = /bin/sh;
			shellScript = "\"${SRCROOT}/Pods/Target Support Files/Pods-Task13/Pods-Task13-frameworks.sh\"\n";
			showEnvVarsInLog = 0;
		};
/* End PBXShellScriptBuildPhase section */

/* Begin PBXSourcesBuildPhase section */
		795FAA9620A3E4BE00815BFC /* Sources */ = {
			isa = PBXSourcesBuildPhase;
			buildActionMask = 2147483647;
			files = (
				7916F42320A40B6400BE1122 /* SearchViewController.swift in Sources */,
				79C8ED8920A4D6A3002EFB5A /* SearchInfoCell.swift in Sources */,
				7916F41920A3F1A400BE1122 /* BusInfo.swift in Sources */,
				795FAAA020A3E4BE00815BFC /* ViewController.swift in Sources */,
				7916F41F20A3F5EC00BE1122 /* BusInfoCell.swift in Sources */,
				7916F42120A3FBA100BE1122 /* Consants.swift in Sources */,
				795FAA9E20A3E4BE00815BFC /* AppDelegate.swift in Sources */,
			);
			runOnlyForDeploymentPostprocessing = 0;
		};
/* End PBXSourcesBuildPhase section */

/* Begin PBXVariantGroup section */
		795FAAA120A3E4BE00815BFC /* Main.storyboard */ = {
			isa = PBXVariantGroup;
			children = (
				795FAAA220A3E4BE00815BFC /* Base */,
			);
			name = Main.storyboard;
			sourceTree = "<group>";
		};
		795FAAA620A3E4BF00815BFC /* LaunchScreen.storyboard */ = {
			isa = PBXVariantGroup;
			children = (
				795FAAA720A3E4BF00815BFC /* Base */,
			);
			name = LaunchScreen.storyboard;
			sourceTree = "<group>";
		};
/* End PBXVariantGroup section */

/* Begin XCBuildConfiguration section */
		795FAAAA20A3E4BF00815BFC /* Debug */ = {
			isa = XCBuildConfiguration;
			buildSettings = {
				ALWAYS_SEARCH_USER_PATHS = NO;
				CLANG_ANALYZER_NONNULL = YES;
				CLANG_ANALYZER_NUMBER_OBJECT_CONVERSION = YES_AGGRESSIVE;
				CLANG_CXX_LANGUAGE_STANDARD = "gnu++14";
				CLANG_CXX_LIBRARY = "libc++";
				CLANG_ENABLE_MODULES = YES;
				CLANG_ENABLE_OBJC_ARC = YES;
				CLANG_ENABLE_OBJC_WEAK = YES;
				CLANG_WARN_BLOCK_CAPTURE_AUTORELEASING = YES;
				CLANG_WARN_BOOL_CONVERSION = YES;
				CLANG_WARN_COMMA = YES;
				CLANG_WARN_CONSTANT_CONVERSION = YES;
				CLANG_WARN_DEPRECATED_OBJC_IMPLEMENTATIONS = YES;
				CLANG_WARN_DIRECT_OBJC_ISA_USAGE = YES_ERROR;
				CLANG_WARN_DOCUMENTATION_COMMENTS = YES;
				CLANG_WARN_EMPTY_BODY = YES;
				CLANG_WARN_ENUM_CONVERSION = YES;
				CLANG_WARN_INFINITE_RECURSION = YES;
				CLANG_WARN_INT_CONVERSION = YES;
				CLANG_WARN_NON_LITERAL_NULL_CONVERSION = YES;
				CLANG_WARN_OBJC_IMPLICIT_RETAIN_SELF = YES;
				CLANG_WARN_OBJC_LITERAL_CONVERSION = YES;
				CLANG_WARN_OBJC_ROOT_CLASS = YES_ERROR;
				CLANG_WARN_RANGE_LOOP_ANALYSIS = YES;
				CLANG_WARN_STRICT_PROTOTYPES = YES;
				CLANG_WARN_SUSPICIOUS_MOVE = YES;
				CLANG_WARN_UNGUARDED_AVAILABILITY = YES_AGGRESSIVE;
				CLANG_WARN_UNREACHABLE_CODE = YES;
				CLANG_WARN__DUPLICATE_METHOD_MATCH = YES;
				CODE_SIGN_IDENTITY = "iPhone Developer";
				COPY_PHASE_STRIP = NO;
				DEBUG_INFORMATION_FORMAT = dwarf;
				ENABLE_STRICT_OBJC_MSGSEND = YES;
				ENABLE_TESTABILITY = YES;
				GCC_C_LANGUAGE_STANDARD = gnu11;
				GCC_DYNAMIC_NO_PIC = NO;
				GCC_NO_COMMON_BLOCKS = YES;
				GCC_OPTIMIZATION_LEVEL = 0;
				GCC_PREPROCESSOR_DEFINITIONS = (
					"DEBUG=1",
					"$(inherited)",
				);
				GCC_WARN_64_TO_32_BIT_CONVERSION = YES;
				GCC_WARN_ABOUT_RETURN_TYPE = YES_ERROR;
				GCC_WARN_UNDECLARED_SELECTOR = YES;
				GCC_WARN_UNINITIALIZED_AUTOS = YES_AGGRESSIVE;
				GCC_WARN_UNUSED_FUNCTION = YES;
				GCC_WARN_UNUSED_VARIABLE = YES;
				IPHONEOS_DEPLOYMENT_TARGET = 11.3;
				MTL_ENABLE_DEBUG_INFO = YES;
				ONLY_ACTIVE_ARCH = YES;
				SDKROOT = iphoneos;
				SWIFT_ACTIVE_COMPILATION_CONDITIONS = DEBUG;
				SWIFT_OPTIMIZATION_LEVEL = "-Onone";
			};
			name = Debug;
		};
		795FAAAB20A3E4BF00815BFC /* Release */ = {
			isa = XCBuildConfiguration;
			buildSettings = {
				ALWAYS_SEARCH_USER_PATHS = NO;
				CLANG_ANALYZER_NONNULL = YES;
				CLANG_ANALYZER_NUMBER_OBJECT_CONVERSION = YES_AGGRESSIVE;
				CLANG_CXX_LANGUAGE_STANDARD = "gnu++14";
				CLANG_CXX_LIBRARY = "libc++";
				CLANG_ENABLE_MODULES = YES;
				CLANG_ENABLE_OBJC_ARC = YES;
				CLANG_ENABLE_OBJC_WEAK = YES;
				CLANG_WARN_BLOCK_CAPTURE_AUTORELEASING = YES;
				CLANG_WARN_BOOL_CONVERSION = YES;
				CLANG_WARN_COMMA = YES;
				CLANG_WARN_CONSTANT_CONVERSION = YES;
				CLANG_WARN_DEPRECATED_OBJC_IMPLEMENTATIONS = YES;
				CLANG_WARN_DIRECT_OBJC_ISA_USAGE = YES_ERROR;
				CLANG_WARN_DOCUMENTATION_COMMENTS = YES;
				CLANG_WARN_EMPTY_BODY = YES;
				CLANG_WARN_ENUM_CONVERSION = YES;
				CLANG_WARN_INFINITE_RECURSION = YES;
				CLANG_WARN_INT_CONVERSION = YES;
				CLANG_WARN_NON_LITERAL_NULL_CONVERSION = YES;
				CLANG_WARN_OBJC_IMPLICIT_RETAIN_SELF = YES;
				CLANG_WARN_OBJC_LITERAL_CONVERSION = YES;
				CLANG_WARN_OBJC_ROOT_CLASS = YES_ERROR;
				CLANG_WARN_RANGE_LOOP_ANALYSIS = YES;
				CLANG_WARN_STRICT_PROTOTYPES = YES;
				CLANG_WARN_SUSPICIOUS_MOVE = YES;
				CLANG_WARN_UNGUARDED_AVAILABILITY = YES_AGGRESSIVE;
				CLANG_WARN_UNREACHABLE_CODE = YES;
				CLANG_WARN__DUPLICATE_METHOD_MATCH = YES;
				CODE_SIGN_IDENTITY = "iPhone Developer";
				COPY_PHASE_STRIP = NO;
				DEBUG_INFORMATION_FORMAT = "dwarf-with-dsym";
				ENABLE_NS_ASSERTIONS = NO;
				ENABLE_STRICT_OBJC_MSGSEND = YES;
				GCC_C_LANGUAGE_STANDARD = gnu11;
				GCC_NO_COMMON_BLOCKS = YES;
				GCC_WARN_64_TO_32_BIT_CONVERSION = YES;
				GCC_WARN_ABOUT_RETURN_TYPE = YES_ERROR;
				GCC_WARN_UNDECLARED_SELECTOR = YES;
				GCC_WARN_UNINITIALIZED_AUTOS = YES_AGGRESSIVE;
				GCC_WARN_UNUSED_FUNCTION = YES;
				GCC_WARN_UNUSED_VARIABLE = YES;
				IPHONEOS_DEPLOYMENT_TARGET = 11.3;
				MTL_ENABLE_DEBUG_INFO = NO;
				SDKROOT = iphoneos;
				SWIFT_COMPILATION_MODE = wholemodule;
				SWIFT_OPTIMIZATION_LEVEL = "-O";
				VALIDATE_PRODUCT = YES;
			};
			name = Release;
		};
		795FAAAD20A3E4BF00815BFC /* Debug */ = {
			isa = XCBuildConfiguration;
			baseConfigurationReference = E0165B361A972C612CA487DD /* Pods-Task13.debug.xcconfig */;
			buildSettings = {
				ASSETCATALOG_COMPILER_APPICON_NAME = AppIcon;
				CODE_SIGN_STYLE = Automatic;
				DEVELOPMENT_TEAM = Q7D6Q96KMH;
				INFOPLIST_FILE = Task13/Info.plist;
				LD_RUNPATH_SEARCH_PATHS = (
					"$(inherited)",
					"@executable_path/Frameworks",
				);
				PRODUCT_BUNDLE_IDENTIFIER = me.zhengbuqian.Task131;
				PRODUCT_NAME = "$(TARGET_NAME)";
				SWIFT_VERSION = 4.0;
				TARGETED_DEVICE_FAMILY = "1,2";
			};
			name = Debug;
		};
		795FAAAE20A3E4BF00815BFC /* Release */ = {
			isa = XCBuildConfiguration;
			baseConfigurationReference = 5FCC414A91D0654802559B5E /* Pods-Task13.release.xcconfig */;
			buildSettings = {
				ASSETCATALOG_COMPILER_APPICON_NAME = AppIcon;
				CODE_SIGN_STYLE = Automatic;
				DEVELOPMENT_TEAM = Q7D6Q96KMH;
				INFOPLIST_FILE = Task13/Info.plist;
				LD_RUNPATH_SEARCH_PATHS = (
					"$(inherited)",
					"@executable_path/Frameworks",
				);
				PRODUCT_BUNDLE_IDENTIFIER = me.zhengbuqian.Task131;
				PRODUCT_NAME = "$(TARGET_NAME)";
				SWIFT_VERSION = 4.0;
				TARGETED_DEVICE_FAMILY = "1,2";
			};
			name = Release;
		};
/* End XCBuildConfiguration section */

/* Begin XCConfigurationList section */
		795FAA9520A3E4BE00815BFC /* Build configuration list for PBXProject "Task13" */ = {
			isa = XCConfigurationList;
			buildConfigurations = (
				795FAAAA20A3E4BF00815BFC /* Debug */,
				795FAAAB20A3E4BF00815BFC /* Release */,
			);
			defaultConfigurationIsVisible = 0;
			defaultConfigurationName = Release;
		};
		795FAAAC20A3E4BF00815BFC /* Build configuration list for PBXNativeTarget "Task13" */ = {
			isa = XCConfigurationList;
			buildConfigurations = (
				795FAAAD20A3E4BF00815BFC /* Debug */,
				795FAAAE20A3E4BF00815BFC /* Release */,
			);
			defaultConfigurationIsVisible = 0;
			defaultConfigurationName = Release;
		};
/* End XCConfigurationList section */
	};
	rootObject = 795FAA9220A3E4BE00815BFC /* Project object */;
}
